<?xml version="1.0" encoding="utf-8"?>
<Project ToolsVersion="4.0" xmlns="http://schemas.microsoft.com/developer/msbuild/2003">
  <ItemGroup>
    <Filter Include="Source Files">
      <UniqueIdentifier>{4FC737F1-C7A5-4376-A066-2A32D752A2FF}</UniqueIdentifier>
      <Extensions>cpp;c;cc;cxx;def;odl;idl;hpj;bat;asm;asmx</Extensions>
    </Filter>
    <Filter Include="Header Files">
      <UniqueIdentifier>{93995380-89BD-4b04-88EB-625FBE52EBFB}</UniqueIdentifier>
      <Extensions>h;hpp;hxx;hm;inl;inc;xsd</Extensions>
    </Filter>
    <Filter Include="Resource Files">
      <UniqueIdentifier>{67DA6AB6-F800-4c08-8B7A-83BB121AAD01}</UniqueIdentifier>
      <Extensions>rc;ico;cur;bmp;dlg;rc2;rct;bin;rgs;gif;jpg;jpeg;jpe;resx;tiff;tif;png;wav</Extensions>
    </Filter>
  </ItemGroup>
  <ItemGroup>
    <ClCompile Include="VS_AMFAudioFrame.cpp">
      <Filter>Source Files</Filter>
    </ClCompile>
    <ClCompile Include="VS_AMFBase.cpp">
      <Filter>Source Files</Filter>
    </ClCompile>
    <ClCompile Include="VS_AMFBody.cpp">
      <Filter>Source Files</Filter>
    </ClCompile>
    <ClCompile Include="VS_AMFBool.cpp">
      <Filter>Source Files</Filter>
    </ClCompile>
    <ClCompile Include="VS_AMFFactory.cpp">
      <Filter>Source Files</Filter>
    </ClCompile>
    <ClCompile Include="VS_AMFHeader.cpp">
      <Filter>Source Files</Filter>
    </ClCompile>
    <ClCompile Include="VS_AMFNull.cpp">
      <Filter>Source Files</Filter>
    </ClCompile>
    <ClCompile Include="VS_AMFNumber.cpp">
      <Filter>Source Files</Filter>
    </ClCompile>
    <ClCompile Include="VS_AMFObjectsContainer.cpp">
      <Filter>Source Files</Filter>
    </ClCompile>
    <ClCompile Include="VS_AMFPacket.cpp">
      <Filter>Source Files</Filter>
    </ClCompile>
    <ClCompile Include="VS_AMFString.cpp">
      <Filter>Source Files</Filter>
    </ClCompile>
    <ClCompile Include="VS_AMFVideoFrame.cpp">
      <Filter>Source Files</Filter>
    </ClCompile>
    <ClCompile Include="VS_FLASHSessionData.cpp">
      <Filter>Source Files</Filter>
    </ClCompile>
  </ItemGroup>
  <ItemGroup>
    <ClInclude Include="VS_AMFAudioFrame.h">
      <Filter>Header Files</Filter>
    </ClInclude>
    <ClInclude Include="VS_AMFBase.h">
      <Filter>Header Files</Filter>
    </ClInclude>
    <ClInclude Include="VS_AMFBody.h">
      <Filter>Header Files</Filter>
    </ClInclude>
    <ClInclude Include="VS_AMFBool.h">
      <Filter>Header Files</Filter>
    </ClInclude>
    <ClInclude Include="VS_AMFFactory.h">
      <Filter>Header Files</Filter>
    </ClInclude>
    <ClInclude Include="VS_AMFHeader.h">
      <Filter>Header Files</Filter>
    </ClInclude>
    <ClInclude Include="VS_AMFNull.h">
      <Filter>Header Files</Filter>
    </ClInclude>
    <ClInclude Include="VS_AMFNumber.h">
      <Filter>Header Files</Filter>
    </ClInclude>
    <ClInclude Include="VS_AMFObjectsContainer.h">
      <Filter>Header Files</Filter>
    </ClInclude>
    <ClInclude Include="VS_AMFPacket.h">
      <Filter>Header Files</Filter>
    </ClInclude>
    <ClInclude Include="VS_AMFString.h">
      <Filter>Header Files</Filter>
    </ClInclude>
    <ClInclude Include="VS_AMFVideoFrame.h">
      <Filter>Header Files</Filter>
    </ClInclude>
    <ClInclude Include="VS_FLASHSessionData.h">
      <Filter>Header Files</Filter>
    </ClInclude>
  </ItemGroup>
</Project>