<?xml version="1.0" encoding="utf-8"?>
<Project ToolsVersion="4.0" xmlns="http://schemas.microsoft.com/developer/msbuild/2003">
  <ItemGroup>
    <Filter Include="Source Files">
      <UniqueIdentifier>{d989837f-c452-4e08-bb3a-2b4b4bdf66a8}</UniqueIdentifier>
      <Extensions>cpp;c;cxx;def;odl;idl;hpj;bat;asm</Extensions>
    </Filter>
    <Filter Include="Header Files">
      <UniqueIdentifier>{dd1e7fe1-4686-4a98-b069-2a38c6c938ec}</UniqueIdentifier>
      <Extensions>h;hpp;hxx;hm;inl;inc</Extensions>
    </Filter>
    <Filter Include="Resource Files">
      <UniqueIdentifier>{57c07b02-d20a-45cb-afd1-bcc9098cb1af}</UniqueIdentifier>
      <Extensions>rc;ico;cur;bmp;dlg;rc2;rct;bin;rgs;gif;jpg;jpeg;jpe</Extensions>
    </Filter>
  </ItemGroup>
  <ItemGroup>
    <ClCompile Include="..\Transcoder\AppDependedImp.cpp">
      <Filter>Source Files</Filter>
    </ClCompile>
    <ClCompile Include="SIPmain.cpp">
      <Filter>Source Files</Filter>
    </ClCompile>
    <ClCompile Include="test_parser.cpp">
      <Filter>Source Files</Filter>
    </ClCompile>
    <ClCompile Include="test_transcoder.cpp">
      <Filter>Source Files</Filter>
    </ClCompile>
    <ClCompile Include="VS_EtherealDumpParser.cpp">
      <Filter>Source Files</Filter>
    </ClCompile>
    <ClCompile Include="VS_NetConnection.cpp">
      <Filter>Source Files</Filter>
    </ClCompile>
    <ClCompile Include="VS_NetEventHandler.cpp">
      <Filter>Source Files</Filter>
    </ClCompile>
    <ClCompile Include="VS_NetEventHandlerEvents.cpp">
      <Filter>Source Files</Filter>
    </ClCompile>
    <ClCompile Include="VS_NetEventType.cpp">
      <Filter>Source Files</Filter>
    </ClCompile>
    <ClCompile Include="VS_NetHandlerFactory.cpp">
      <Filter>Source Files</Filter>
    </ClCompile>
    <ClCompile Include="VS_NetHandlerFactoryEvents.cpp">
      <Filter>Source Files</Filter>
    </ClCompile>
    <ClCompile Include="VS_NetMessageQuery.cpp">
      <Filter>Source Files</Filter>
    </ClCompile>
    <ClCompile Include="VS_NetOperation.cpp">
      <Filter>Source Files</Filter>
    </ClCompile>
    <ClCompile Include="VS_NetOperationEvents.cpp">
      <Filter>Source Files</Filter>
    </ClCompile>
    <ClCompile Include="VS_NetReactor.cpp">
      <Filter>Source Files</Filter>
    </ClCompile>
    <ClCompile Include="VS_NetRouter.cpp">
      <Filter>Source Files</Filter>
    </ClCompile>
    <ClCompile Include="VS_NetRouterEvents.cpp">
      <Filter>Source Files</Filter>
    </ClCompile>
    <ClCompile Include="VS_NetRouterSelect.cpp">
      <Filter>Source Files</Filter>
    </ClCompile>
    <ClCompile Include="VS_SlotNetworkLayer.cpp">
      <Filter>Source Files</Filter>
    </ClCompile>
    <ClCompile Include="VS_SlotRouter.cpp">
      <Filter>Source Files</Filter>
    </ClCompile>
    <ClCompile Include="VS_SlotRouterInterface.cpp">
      <Filter>Source Files</Filter>
    </ClCompile>
    <ClCompile Include="VS_SlotServiceBase.cpp">
      <Filter>Source Files</Filter>
    </ClCompile>
    <ClCompile Include="VS_SlotServiceContainer.cpp">
      <Filter>Source Files</Filter>
    </ClCompile>
  </ItemGroup>
  <ItemGroup>
    <ClInclude Include="VS_NetConnection.h">
      <Filter>Header Files</Filter>
    </ClInclude>
    <ClInclude Include="VS_NetEventHandler.h">
      <Filter>Header Files</Filter>
    </ClInclude>
    <ClInclude Include="VS_NetEventHandlerEvents.h">
      <Filter>Header Files</Filter>
    </ClInclude>
    <ClInclude Include="VS_NetEventType.h">
      <Filter>Header Files</Filter>
    </ClInclude>
    <ClInclude Include="VS_NetHandlerFactory.h">
      <Filter>Header Files</Filter>
    </ClInclude>
    <ClInclude Include="VS_NetHandlerFactoryEvents.h">
      <Filter>Header Files</Filter>
    </ClInclude>
    <ClInclude Include="VS_NetMessageQuery.h">
      <Filter>Header Files</Filter>
    </ClInclude>
    <ClInclude Include="VS_NetOperation.h">
      <Filter>Header Files</Filter>
    </ClInclude>
    <ClInclude Include="VS_NetOperationEvents.h">
      <Filter>Header Files</Filter>
    </ClInclude>
    <ClInclude Include="VS_NetReactor.h">
      <Filter>Header Files</Filter>
    </ClInclude>
    <ClInclude Include="VS_NetRouter.h">
      <Filter>Header Files</Filter>
    </ClInclude>
    <ClInclude Include="VS_NetRouterEvents.h">
      <Filter>Header Files</Filter>
    </ClInclude>
    <ClInclude Include="VS_NetRouterSelect.h">
      <Filter>Header Files</Filter>
    </ClInclude>
    <ClInclude Include="VS_SlotNetworkLayer.h">
      <Filter>Header Files</Filter>
    </ClInclude>
    <ClInclude Include="VS_SlotRouter.h">
      <Filter>Header Files</Filter>
    </ClInclude>
    <ClInclude Include="VS_SlotRouterInterface.h">
      <Filter>Header Files</Filter>
    </ClInclude>
    <ClInclude Include="VS_SlotServiceBase.h">
      <Filter>Header Files</Filter>
    </ClInclude>
    <ClInclude Include="VS_SlotServiceContainer.h">
      <Filter>Header Files</Filter>
    </ClInclude>
  </ItemGroup>
  <ItemGroup>
    <None Include="ReadMe.htm" />
  </ItemGroup>
</Project>